
Microsoft Visual Studio Solution File, Format Version 12.00
# Visual Studio Version 17
VisualStudioVersion = 17.14.36623.8 d17.14
MinimumVisualStudioVersion = 10.0.40219.1
Project("{FAE04EC0-301F-11D3-BF4B-00C04F79EFBC}") = "Generics", "Generics\Generics.csproj", "{46005AFD-6EA1-4376-B010-7584C10A671E}"
EndProject
Global
	GlobalSection(SolutionConfigurationPlatforms) = preSolution
		Debug|Any CPU = Debug|Any CPU
		Release|Any CPU = Release|Any CPU
	EndGlobalSection
	GlobalSection(ProjectConfigurationPlatforms) = postSolution
		{46005AFD-6EA1-4376-B010-7584C10A671E}.Debug|Any CPU.ActiveCfg = Debug|Any CPU
		{46005AFD-6EA1-4376-B010-7584C10A671E}.Debug|Any CPU.Build.0 = Debug|Any CPU
		{46005AFD-6EA1-4376-B010-7584C10A671E}.Release|Any CPU.ActiveCfg = Release|Any CPU
		{46005AFD-6EA1-4376-B010-7584C10A671E}.Release|Any CPU.Build.0 = Release|Any CPU
	EndGlobalSection
	GlobalSection(SolutionProperties) = preSolution
		HideSolutionNode = FALSE
	EndGlobalSection
	GlobalSection(ExtensibilityGlobals) = postSolution
		SolutionGuid = {8159CF94-CE15-4C7D-9930-4449BA6D7AC7}
	EndGlobalSection
EndGlobal
